
Microsoft Visual Studio Solution File, Format Version 12.00
# Visual Studio Version 16
VisualStudioVersion = 16.0.31729.503
MinimumVisualStudioVersion = 10.0.40219.1
Project("{FAE04EC0-301F-11D3-BF4B-00C04F79EFBC}") = "Evaluacion Final POO", "Evaluacion Final POO\Evaluacion Final POO.csproj", "{35094B9D-2560-4EA2-9311-66653EACFA5C}"
EndProject
Project("{54435603-DBB4-11D2-8724-00A0C9A8B90C}") = "Setup_Proyecto", "Setup_Proyecto\Setup_Proyecto.vdproj", "{751529E5-1B46-491E-94F6-3AE70DEBE6DB}"
EndProject
Global
	GlobalSection(SolutionConfigurationPlatforms) = preSolution
		Debug|Any CPU = Debug|Any CPU
		Release|Any CPU = Release|Any CPU
	EndGlobalSection
	GlobalSection(ProjectConfigurationPlatforms) = postSolution
		{35094B9D-2560-4EA2-9311-66653EACFA5C}.Debug|Any CPU.ActiveCfg = Debug|Any CPU
		{35094B9D-2560-4EA2-9311-66653EACFA5C}.Debug|Any CPU.Build.0 = Debug|Any CPU
		{35094B9D-2560-4EA2-9311-66653EACFA5C}.Release|Any CPU.ActiveCfg = Release|Any CPU
		{35094B9D-2560-4EA2-9311-66653EACFA5C}.Release|Any CPU.Build.0 = Release|Any CPU
		{751529E5-1B46-491E-94F6-3AE70DEBE6DB}.Debug|Any CPU.ActiveCfg = Debug
		{751529E5-1B46-491E-94F6-3AE70DEBE6DB}.Release|Any CPU.ActiveCfg = Release
	EndGlobalSection
	GlobalSection(SolutionProperties) = preSolution
		HideSolutionNode = FALSE
	EndGlobalSection
	GlobalSection(ExtensibilityGlobals) = postSolution
		SolutionGuid = {806C5DBC-7F37-42DD-B4CE-96856F382873}
	EndGlobalSection
EndGlobal
